
Microsoft Visual Studio Solution File, Format Version 12.00
# Visual Studio Version 17
VisualStudioVersion = 17.7.34018.315
MinimumVisualStudioVersion = 10.0.40219.1
Project("{FAE04EC0-301F-11D3-BF4B-00C04F79EFBC}") = "Programmeringsuppgift4.5", "Programmeringsuppgift4.5\Programmeringsuppgift4.5.csproj", "{AA71CB42-3ED8-48CF-AA25-61D9C53517DD}"
EndProject
Global
	GlobalSection(SolutionConfigurationPlatforms) = preSolution
		Debug|Any CPU = Debug|Any CPU
		Release|Any CPU = Release|Any CPU
	EndGlobalSection
	GlobalSection(ProjectConfigurationPlatforms) = postSolution
		{AA71CB42-3ED8-48CF-AA25-61D9C53517DD}.Debug|Any CPU.ActiveCfg = Debug|Any CPU
		{AA71CB42-3ED8-48CF-AA25-61D9C53517DD}.Debug|Any CPU.Build.0 = Debug|Any CPU
		{AA71CB42-3ED8-48CF-AA25-61D9C53517DD}.Release|Any CPU.ActiveCfg = Release|Any CPU
		{AA71CB42-3ED8-48CF-AA25-61D9C53517DD}.Release|Any CPU.Build.0 = Release|Any CPU
	EndGlobalSection
	GlobalSection(SolutionProperties) = preSolution
		HideSolutionNode = FALSE
	EndGlobalSection
	GlobalSection(ExtensibilityGlobals) = postSolution
		SolutionGuid = {F4106304-B42A-47E2-8483-8703F14B19A7}
	EndGlobalSection
EndGlobal
